Microsoft Visual Studio Solution File, Format Version 11.00
# Visual Studio 2008

Project("{C3F2089D-57CA-EA76-7A2A-6528B13D8DCA}") = "TFE Development", "Assembly-CSharp.csproj", "{42FBAC2B-2072-2B96-EDD4-B396F80F5F1E}"
EndProject
Global
	GlobalSection(SolutionConfigurationPlatforms) = preSolution
		Debug|Any CPU = Debug|Any CPU
		Release|Any CPU = Release|Any CPU
	EndGlobalSection
	GlobalSection(ProjectConfigurationPlatforms) = postSolution
		{42FBAC2B-2072-2B96-EDD4-B396F80F5F1E}.Debug|Any CPU.ActiveCfg = Debug|Any CPU
		{42FBAC2B-2072-2B96-EDD4-B396F80F5F1E}.Debug|Any CPU.Build.0 = Debug|Any CPU
		{42FBAC2B-2072-2B96-EDD4-B396F80F5F1E}.Release|Any CPU.ActiveCfg = Release|Any CPU
		{42FBAC2B-2072-2B96-EDD4-B396F80F5F1E}.Release|Any CPU.Build.0 = Release|Any CPU
	EndGlobalSection
	GlobalSection(SolutionProperties) = preSolution
		HideSolutionNode = FALSE
	EndGlobalSection
	GlobalSection(MonoDevelopProperties) = preSolution
		StartupItem = Assembly-CSharp.csproj
	EndGlobalSection
EndGlobal
